
Microsoft Visual Studio Solution File, Format Version 11.00
# Visual Studio 2010
Project("{FAE04EC0-301F-11D3-BF4B-00C04F79EFBC}") = "XnaView", "Winform_XNA\XnaView.csproj", "{485FC2F7-3BA9-4046-AB91-919B74F2F03C}"
EndProject
Project("{FAE04EC0-301F-11D3-BF4B-00C04F79EFBC}") = "Content", "Content\Content.contentproj", "{941ACAF8-8E69-4248-BF23-2D9AABEC068E}"
EndProject
Project("{FAE04EC0-301F-11D3-BF4B-00C04F79EFBC}") = "WindowsGameLibrary", "WindowsGameLibrary\WindowsGameLibrary.csproj", "{080DD9B6-4867-457A-9B9B-2400CCD30AAD}"
EndProject
Project("{FAE04EC0-301F-11D3-BF4B-00C04F79EFBC}") = "JigLibX", "JigLibX 0.3.1\JigLibX\JigLibX.csproj", "{8A7CEF45-3501-491D-AEDA-0164060F5348}"
EndProject
Project("{FAE04EC0-301F-11D3-BF4B-00C04F79EFBC}") = "HeightmapProcessor", "HeightmapProcessor\HeightmapProcessor\HeightmapProcessor.csproj", "{C77F18AB-7EC8-4F87-A88F-3506CABE701A}"
EndProject
Project("{FAE04EC0-301F-11D3-BF4B-00C04F79EFBC}") = "ClientApp", "ClientApp\ClientApp.csproj", "{2FC5D1C9-20EA-4124-A503-2A02EFE5D1C5}"
EndProject
Project("{FAE04EC0-301F-11D3-BF4B-00C04F79EFBC}") = "ServerApp", "ServerApp\ServerApp.csproj", "{76420BD4-8577-47F3-82FA-12FB5D088939}"
EndProject
Project("{2150E333-8FDC-42A3-9474-1A3956D46DE8}") = "Solution Items", "Solution Items", "{3C606ED6-594F-4BB0-8FCC-B7D56B685E61}"
	ProjectSection(SolutionItems) = preProject
		Performance2.psess = Performance2.psess
		Performance3.psess = Performance3.psess
	EndProjectSection
EndProject
Project("{FAE04EC0-301F-11D3-BF4B-00C04F79EFBC}") = "GameHelper", "GameHelper\GameHelper.csproj", "{6A67E9EA-E2AB-47CC-90A5-8E8813084721}"
EndProject
Global
	GlobalSection(SolutionConfigurationPlatforms) = preSolution
		Debug|Any CPU = Debug|Any CPU
		Debug|Mixed Platforms = Debug|Mixed Platforms
		Debug|x86 = Debug|x86
		Debug|Xbox 360 = Debug|Xbox 360
		Release|Any CPU = Release|Any CPU
		Release|Mixed Platforms = Release|Mixed Platforms
		Release|x86 = Release|x86
		Release|Xbox 360 = Release|Xbox 360
	EndGlobalSection
	GlobalSection(ProjectConfigurationPlatforms) = postSolution
		{485FC2F7-3BA9-4046-AB91-919B74F2F03C}.Debug|Any CPU.ActiveCfg = Debug|x86
		{485FC2F7-3BA9-4046-AB91-919B74F2F03C}.Debug|Any CPU.Build.0 = Debug|x86
		{485FC2F7-3BA9-4046-AB91-919B74F2F03C}.Debug|Mixed Platforms.ActiveCfg = Debug|x86
		{485FC2F7-3BA9-4046-AB91-919B74F2F03C}.Debug|Mixed Platforms.Build.0 = Debug|x86
		{485FC2F7-3BA9-4046-AB91-919B74F2F03C}.Debug|x86.ActiveCfg = Debug|x86
		{485FC2F7-3BA9-4046-AB91-919B74F2F03C}.Debug|x86.Build.0 = Debug|x86
		{485FC2F7-3BA9-4046-AB91-919B74F2F03C}.Debug|Xbox 360.ActiveCfg = Debug|x86
		{485FC2F7-3BA9-4046-AB91-919B74F2F03C}.Release|Any CPU.ActiveCfg = Release|x86
		{485FC2F7-3BA9-4046-AB91-919B74F2F03C}.Release|Any CPU.Build.0 = Release|x86
		{485FC2F7-3BA9-4046-AB91-919B74F2F03C}.Release|Mixed Platforms.ActiveCfg = Release|x86
		{485FC2F7-3BA9-4046-AB91-919B74F2F03C}.Release|Mixed Platforms.Build.0 = Release|x86
		{485FC2F7-3BA9-4046-AB91-919B74F2F03C}.Release|x86.ActiveCfg = Release|x86
		{485FC2F7-3BA9-4046-AB91-919B74F2F03C}.Release|x86.Build.0 = Release|x86
		{485FC2F7-3BA9-4046-AB91-919B74F2F03C}.Release|Xbox 360.ActiveCfg = Release|x86
		{941ACAF8-8E69-4248-BF23-2D9AABEC068E}.Debug|Any CPU.ActiveCfg = Debug|Any CPU
		{941ACAF8-8E69-4248-BF23-2D9AABEC068E}.Debug|Mixed Platforms.ActiveCfg = Debug|Any CPU
		{941ACAF8-8E69-4248-BF23-2D9AABEC068E}.Debug|x86.ActiveCfg = Debug|Any CPU
		{941ACAF8-8E69-4248-BF23-2D9AABEC068E}.Debug|Xbox 360.ActiveCfg = Debug|Any CPU
		{941ACAF8-8E69-4248-BF23-2D9AABEC068E}.Release|Any CPU.ActiveCfg = Debug|Any CPU
		{941ACAF8-8E69-4248-BF23-2D9AABEC068E}.Release|Mixed Platforms.ActiveCfg = Debug|Any CPU
		{941ACAF8-8E69-4248-BF23-2D9AABEC068E}.Release|x86.ActiveCfg = Debug|Any CPU
		{941ACAF8-8E69-4248-BF23-2D9AABEC068E}.Release|Xbox 360.ActiveCfg = Debug|Any CPU
		{080DD9B6-4867-457A-9B9B-2400CCD30AAD}.Debug|Any CPU.ActiveCfg = Debug|x86
		{080DD9B6-4867-457A-9B9B-2400CCD30AAD}.Debug|Any CPU.Build.0 = Debug|x86
		{080DD9B6-4867-457A-9B9B-2400CCD30AAD}.Debug|Mixed Platforms.ActiveCfg = Debug|x86
		{080DD9B6-4867-457A-9B9B-2400CCD30AAD}.Debug|Mixed Platforms.Build.0 = Debug|x86
		{080DD9B6-4867-457A-9B9B-2400CCD30AAD}.Debug|x86.ActiveCfg = Debug|x86
		{080DD9B6-4867-457A-9B9B-2400CCD30AAD}.Debug|x86.Build.0 = Debug|x86
		{080DD9B6-4867-457A-9B9B-2400CCD30AAD}.Debug|Xbox 360.ActiveCfg = Debug|x86
		{080DD9B6-4867-457A-9B9B-2400CCD30AAD}.Release|Any CPU.ActiveCfg = Release|x86
		{080DD9B6-4867-457A-9B9B-2400CCD30AAD}.Release|Any CPU.Build.0 = Release|x86
		{080DD9B6-4867-457A-9B9B-2400CCD30AAD}.Release|Mixed Platforms.ActiveCfg = Release|x86
		{080DD9B6-4867-457A-9B9B-2400CCD30AAD}.Release|Mixed Platforms.Build.0 = Release|x86
		{080DD9B6-4867-457A-9B9B-2400CCD30AAD}.Release|x86.ActiveCfg = Release|x86
		{080DD9B6-4867-457A-9B9B-2400CCD30AAD}.Release|x86.Build.0 = Release|x86
		{080DD9B6-4867-457A-9B9B-2400CCD30AAD}.Release|Xbox 360.ActiveCfg = Release|x86
		{8A7CEF45-3501-491D-AEDA-0164060F5348}.Debug|Any CPU.ActiveCfg = Debug|x86
		{8A7CEF45-3501-491D-AEDA-0164060F5348}.Debug|Any CPU.Build.0 = Debug|x86
		{8A7CEF45-3501-491D-AEDA-0164060F5348}.Debug|Mixed Platforms.ActiveCfg = Debug|x86
		{8A7CEF45-3501-491D-AEDA-0164060F5348}.Debug|Mixed Platforms.Build.0 = Debug|x86
		{8A7CEF45-3501-491D-AEDA-0164060F5348}.Debug|x86.ActiveCfg = Debug|x86
		{8A7CEF45-3501-491D-AEDA-0164060F5348}.Debug|x86.Build.0 = Debug|x86
		{8A7CEF45-3501-491D-AEDA-0164060F5348}.Debug|Xbox 360.ActiveCfg = Debug|x86
		{8A7CEF45-3501-491D-AEDA-0164060F5348}.Release|Any CPU.ActiveCfg = Release|x86
		{8A7CEF45-3501-491D-AEDA-0164060F5348}.Release|Any CPU.Build.0 = Release|x86
		{8A7CEF45-3501-491D-AEDA-0164060F5348}.Release|Mixed Platforms.ActiveCfg = Release|x86
		{8A7CEF45-3501-491D-AEDA-0164060F5348}.Release|Mixed Platforms.Build.0 = Release|x86
		{8A7CEF45-3501-491D-AEDA-0164060F5348}.Release|x86.ActiveCfg = Release|x86
		{8A7CEF45-3501-491D-AEDA-0164060F5348}.Release|x86.Build.0 = Release|x86
		{8A7CEF45-3501-491D-AEDA-0164060F5348}.Release|Xbox 360.ActiveCfg = Release|x86
		{C77F18AB-7EC8-4F87-A88F-3506CABE701A}.Debug|Any CPU.ActiveCfg = Debug|x86
		{C77F18AB-7EC8-4F87-A88F-3506CABE701A}.Debug|Any CPU.Build.0 = Debug|x86
		{C77F18AB-7EC8-4F87-A88F-3506CABE701A}.Debug|Mixed Platforms.ActiveCfg = Debug|x86
		{C77F18AB-7EC8-4F87-A88F-3506CABE701A}.Debug|Mixed Platforms.Build.0 = Debug|x86
		{C77F18AB-7EC8-4F87-A88F-3506CABE701A}.Debug|x86.ActiveCfg = Debug|x86
		{C77F18AB-7EC8-4F87-A88F-3506CABE701A}.Debug|x86.Build.0 = Debug|x86
		{C77F18AB-7EC8-4F87-A88F-3506CABE701A}.Debug|Xbox 360.ActiveCfg = Debug|Xbox 360
		{C77F18AB-7EC8-4F87-A88F-3506CABE701A}.Debug|Xbox 360.Build.0 = Debug|Xbox 360
		{C77F18AB-7EC8-4F87-A88F-3506CABE701A}.Release|Any CPU.ActiveCfg = Release|Xbox 360
		{C77F18AB-7EC8-4F87-A88F-3506CABE701A}.Release|Any CPU.Build.0 = Release|Xbox 360
		{C77F18AB-7EC8-4F87-A88F-3506CABE701A}.Release|Mixed Platforms.ActiveCfg = Release|Xbox 360
		{C77F18AB-7EC8-4F87-A88F-3506CABE701A}.Release|Mixed Platforms.Build.0 = Release|Xbox 360
		{C77F18AB-7EC8-4F87-A88F-3506CABE701A}.Release|x86.ActiveCfg = Release|x86
		{C77F18AB-7EC8-4F87-A88F-3506CABE701A}.Release|x86.Build.0 = Release|x86
		{C77F18AB-7EC8-4F87-A88F-3506CABE701A}.Release|Xbox 360.ActiveCfg = Release|Xbox 360
		{C77F18AB-7EC8-4F87-A88F-3506CABE701A}.Release|Xbox 360.Build.0 = Release|Xbox 360
		{2FC5D1C9-20EA-4124-A503-2A02EFE5D1C5}.Debug|Any CPU.ActiveCfg = Debug|x86
		{2FC5D1C9-20EA-4124-A503-2A02EFE5D1C5}.Debug|Mixed Platforms.ActiveCfg = Debug|x86
		{2FC5D1C9-20EA-4124-A503-2A02EFE5D1C5}.Debug|Mixed Platforms.Build.0 = Debug|x86
		{2FC5D1C9-20EA-4124-A503-2A02EFE5D1C5}.Debug|x86.ActiveCfg = Debug|x86
		{2FC5D1C9-20EA-4124-A503-2A02EFE5D1C5}.Debug|x86.Build.0 = Debug|x86
		{2FC5D1C9-20EA-4124-A503-2A02EFE5D1C5}.Debug|Xbox 360.ActiveCfg = Debug|x86
		{2FC5D1C9-20EA-4124-A503-2A02EFE5D1C5}.Release|Any CPU.ActiveCfg = Release|x86
		{2FC5D1C9-20EA-4124-A503-2A02EFE5D1C5}.Release|Mixed Platforms.ActiveCfg = Release|x86
		{2FC5D1C9-20EA-4124-A503-2A02EFE5D1C5}.Release|Mixed Platforms.Build.0 = Release|x86
		{2FC5D1C9-20EA-4124-A503-2A02EFE5D1C5}.Release|x86.ActiveCfg = Release|x86
		{2FC5D1C9-20EA-4124-A503-2A02EFE5D1C5}.Release|x86.Build.0 = Release|x86
		{2FC5D1C9-20EA-4124-A503-2A02EFE5D1C5}.Release|Xbox 360.ActiveCfg = Release|x86
		{76420BD4-8577-47F3-82FA-12FB5D088939}.Debug|Any CPU.ActiveCfg = Debug|x86
		{76420BD4-8577-47F3-82FA-12FB5D088939}.Debug|Mixed Platforms.ActiveCfg = Debug|x86
		{76420BD4-8577-47F3-82FA-12FB5D088939}.Debug|Mixed Platforms.Build.0 = Debug|x86
		{76420BD4-8577-47F3-82FA-12FB5D088939}.Debug|x86.ActiveCfg = Debug|x86
		{76420BD4-8577-47F3-82FA-12FB5D088939}.Debug|x86.Build.0 = Debug|x86
		{76420BD4-8577-47F3-82FA-12FB5D088939}.Debug|Xbox 360.ActiveCfg = Debug|x86
		{76420BD4-8577-47F3-82FA-12FB5D088939}.Release|Any CPU.ActiveCfg = Release|x86
		{76420BD4-8577-47F3-82FA-12FB5D088939}.Release|Mixed Platforms.ActiveCfg = Release|x86
		{76420BD4-8577-47F3-82FA-12FB5D088939}.Release|Mixed Platforms.Build.0 = Release|x86
		{76420BD4-8577-47F3-82FA-12FB5D088939}.Release|x86.ActiveCfg = Release|x86
		{76420BD4-8577-47F3-82FA-12FB5D088939}.Release|x86.Build.0 = Release|x86
		{76420BD4-8577-47F3-82FA-12FB5D088939}.Release|Xbox 360.ActiveCfg = Release|x86
		{6A67E9EA-E2AB-47CC-90A5-8E8813084721}.Debug|Any CPU.ActiveCfg = Debug|Any CPU
		{6A67E9EA-E2AB-47CC-90A5-8E8813084721}.Debug|Any CPU.Build.0 = Debug|Any CPU
		{6A67E9EA-E2AB-47CC-90A5-8E8813084721}.Debug|Mixed Platforms.ActiveCfg = Debug|x86
		{6A67E9EA-E2AB-47CC-90A5-8E8813084721}.Debug|Mixed Platforms.Build.0 = Debug|x86
		{6A67E9EA-E2AB-47CC-90A5-8E8813084721}.Debug|x86.ActiveCfg = Debug|x86
		{6A67E9EA-E2AB-47CC-90A5-8E8813084721}.Debug|x86.Build.0 = Debug|x86
		{6A67E9EA-E2AB-47CC-90A5-8E8813084721}.Debug|Xbox 360.ActiveCfg = Debug|x86
		{6A67E9EA-E2AB-47CC-90A5-8E8813084721}.Release|Any CPU.ActiveCfg = Release|Any CPU
		{6A67E9EA-E2AB-47CC-90A5-8E8813084721}.Release|Any CPU.Build.0 = Release|Any CPU
		{6A67E9EA-E2AB-47CC-90A5-8E8813084721}.Release|Mixed Platforms.ActiveCfg = Release|x86
		{6A67E9EA-E2AB-47CC-90A5-8E8813084721}.Release|Mixed Platforms.Build.0 = Release|x86
		{6A67E9EA-E2AB-47CC-90A5-8E8813084721}.Release|x86.ActiveCfg = Release|x86
		{6A67E9EA-E2AB-47CC-90A5-8E8813084721}.Release|x86.Build.0 = Release|x86
		{6A67E9EA-E2AB-47CC-90A5-8E8813084721}.Release|Xbox 360.ActiveCfg = Release|x86
	EndGlobalSection
	GlobalSection(SolutionProperties) = preSolution
		HideSolutionNode = FALSE
	EndGlobalSection
EndGlobal
